<Solution>
  <Folder Name="/.github/" />
  <Folder Name="/.github/workflows/">
    <File Path=".github/workflows/ci.yml" />
  </Folder>
  <Folder Name="/Solution Items/">
    <File Path=".gitignore" />
    <File Path="docker-compose.yml" />
  </Folder>
  <Project Path="../../../../../../../../dev/study_devops/MyDevOpsApi/MyDevOpsApi/MyDevOpsApi.csproj" />
</Solution>
